
Microsoft Visual Studio Solution File, Format Version 12.00
# Visual Studio 15
VisualStudioVersion = 15.0.28307.136
MinimumVisualStudioVersion = 10.0.40219.1
Project("{FAE04EC0-301F-11D3-BF4B-00C04F79EFBC}") = "ElectricityManagement.Tests", "ElectricityManagement.Tests\ElectricityManagement.Tests.csproj", "{664113F2-0B9A-41F1-BBFE-0097762EFD43}"
EndProject
Global
	GlobalSection(SolutionConfigurationPlatforms) = preSolution
		Debug|Any CPU = Debug|Any CPU
		Release|Any CPU = Release|Any CPU
	EndGlobalSection
	GlobalSection(ProjectConfigurationPlatforms) = postSolution
		{664113F2-0B9A-41F1-BBFE-0097762EFD43}.Debug|Any CPU.ActiveCfg = Debug|Any CPU
		{664113F2-0B9A-41F1-BBFE-0097762EFD43}.Debug|Any CPU.Build.0 = Debug|Any CPU
		{664113F2-0B9A-41F1-BBFE-0097762EFD43}.Release|Any CPU.ActiveCfg = Release|Any CPU
		{664113F2-0B9A-41F1-BBFE-0097762EFD43}.Release|Any CPU.Build.0 = Release|Any CPU
	EndGlobalSection
	GlobalSection(SolutionProperties) = preSolution
		HideSolutionNode = FALSE
	EndGlobalSection
	GlobalSection(ExtensibilityGlobals) = postSolution
		SolutionGuid = {8D10B470-A4AB-49B4-B163-CC37C16A523F}
	EndGlobalSection
EndGlobal
