
Microsoft Visual Studio Solution File, Format Version 12.00
# Visual Studio Version 16
VisualStudioVersion = 16.0.30804.86
MinimumVisualStudioVersion = 10.0.40219.1
Project("{FAE04EC0-301F-11D3-BF4B-00C04F79EFBC}") = "AspNETCoreFiltersDemo", "AspNETCoreFiltersDemo.csproj", "{C03A3A9C-B208-4223-98B5-43D80711C348}"
EndProject
Global
	GlobalSection(SolutionConfigurationPlatforms) = preSolution
		Debug|Any CPU = Debug|Any CPU
		Release|Any CPU = Release|Any CPU
	EndGlobalSection
	GlobalSection(ProjectConfigurationPlatforms) = postSolution
		{C03A3A9C-B208-4223-98B5-43D80711C348}.Debug|Any CPU.ActiveCfg = Debug|Any CPU
		{C03A3A9C-B208-4223-98B5-43D80711C348}.Debug|Any CPU.Build.0 = Debug|Any CPU
		{C03A3A9C-B208-4223-98B5-43D80711C348}.Release|Any CPU.ActiveCfg = Release|Any CPU
		{C03A3A9C-B208-4223-98B5-43D80711C348}.Release|Any CPU.Build.0 = Release|Any CPU
	EndGlobalSection
	GlobalSection(SolutionProperties) = preSolution
		HideSolutionNode = FALSE
	EndGlobalSection
	GlobalSection(ExtensibilityGlobals) = postSolution
		SolutionGuid = {49BD361A-A605-47EE-89D0-25F1DC60D09E}
	EndGlobalSection
EndGlobal
