
Microsoft Visual Studio Solution File, Format Version 12.00
# Visual Studio 15
VisualStudioVersion = 15.0.26730.12
MinimumVisualStudioVersion = 10.0.40219.1
Project("{FAE04EC0-301F-11D3-BF4B-00C04F79EFBC}") = "TransformerGenerateInputRequestPayloads", "TransformerGenerateInputRequestPayloads\TransformerGenerateInputRequestPayloads.csproj", "{501171F0-9308-47EF-93F7-410C66AFE011}"
EndProject
Global
	GlobalSection(SolutionConfigurationPlatforms) = preSolution
		Debug|Any CPU = Debug|Any CPU
		Release|Any CPU = Release|Any CPU
	EndGlobalSection
	GlobalSection(ProjectConfigurationPlatforms) = postSolution
		{501171F0-9308-47EF-93F7-410C66AFE011}.Debug|Any CPU.ActiveCfg = Debug|Any CPU
		{501171F0-9308-47EF-93F7-410C66AFE011}.Debug|Any CPU.Build.0 = Debug|Any CPU
		{501171F0-9308-47EF-93F7-410C66AFE011}.Release|Any CPU.ActiveCfg = Release|Any CPU
		{501171F0-9308-47EF-93F7-410C66AFE011}.Release|Any CPU.Build.0 = Release|Any CPU
	EndGlobalSection
	GlobalSection(SolutionProperties) = preSolution
		HideSolutionNode = FALSE
	EndGlobalSection
	GlobalSection(ExtensibilityGlobals) = postSolution
		SolutionGuid = {CFA2E443-F570-4A83-941B-BDB64ED2F9B0}
	EndGlobalSection
EndGlobal
