
Microsoft Visual Studio Solution File, Format Version 12.00
# Visual Studio Version 16
VisualStudioVersion = 16.0.29609.76
MinimumVisualStudioVersion = 10.0.40219.1
Project("{FAE04EC0-301F-11D3-BF4B-00C04F79EFBC}") = "WebAPIIntergrationTestDemo", "WebAPIIntergrationTestDemo.csproj", "{8D186151-20EF-43C0-B2A0-94D7E7732225}"
EndProject
Project("{FAE04EC0-301F-11D3-BF4B-00C04F79EFBC}") = "WebAPIIntegrationTestDemo.Tests", "..\WebAPIIntegrationTestDemo.Tests\WebAPIIntegrationTestDemo.Tests.csproj", "{7E1F22CE-39B2-43C7-ABFC-9BC1E66D8782}"
EndProject
Global
	GlobalSection(SolutionConfigurationPlatforms) = preSolution
		Debug|Any CPU = Debug|Any CPU
		Release|Any CPU = Release|Any CPU
	EndGlobalSection
	GlobalSection(ProjectConfigurationPlatforms) = postSolution
		{8D186151-20EF-43C0-B2A0-94D7E7732225}.Debug|Any CPU.ActiveCfg = Debug|Any CPU
		{8D186151-20EF-43C0-B2A0-94D7E7732225}.Debug|Any CPU.Build.0 = Debug|Any CPU
		{8D186151-20EF-43C0-B2A0-94D7E7732225}.Release|Any CPU.ActiveCfg = Release|Any CPU
		{8D186151-20EF-43C0-B2A0-94D7E7732225}.Release|Any CPU.Build.0 = Release|Any CPU
		{7E1F22CE-39B2-43C7-ABFC-9BC1E66D8782}.Debug|Any CPU.ActiveCfg = Debug|Any CPU
		{7E1F22CE-39B2-43C7-ABFC-9BC1E66D8782}.Debug|Any CPU.Build.0 = Debug|Any CPU
		{7E1F22CE-39B2-43C7-ABFC-9BC1E66D8782}.Release|Any CPU.ActiveCfg = Release|Any CPU
		{7E1F22CE-39B2-43C7-ABFC-9BC1E66D8782}.Release|Any CPU.Build.0 = Release|Any CPU
	EndGlobalSection
	GlobalSection(SolutionProperties) = preSolution
		HideSolutionNode = FALSE
	EndGlobalSection
	GlobalSection(ExtensibilityGlobals) = postSolution
		SolutionGuid = {D6F35A5D-5566-4EFC-BDE9-0D10822B1B0E}
	EndGlobalSection
EndGlobal
