
Microsoft Visual Studio Solution File, Format Version 12.00
# Visual Studio 15
VisualStudioVersion = 15.0.26124.0
MinimumVisualStudioVersion = 15.0.26124.0
Project("{2150E333-8FDC-42A3-9474-1A3956D46DE8}") = "src", "src", "{3DC98F55-FBD2-4470-BBB9-CA5E2109AD3B}"
EndProject
Project("{2150E333-8FDC-42A3-9474-1A3956D46DE8}") = "behaviour", "behaviour", "{33A31EF9-826B-48B3-8062-FF8FF9A4CF44}"
EndProject
Project("{FAE04EC0-301F-11D3-BF4B-00C04F79EFBC}") = "BehaviourDesignPattern", "src\behaviour\BehaviourDesignPattern\BehaviourDesignPattern.csproj", "{B3A8D121-DC3A-4CE9-B884-06929DC229CF}"
EndProject
Project("{2150E333-8FDC-42A3-9474-1A3956D46DE8}") = "tests", "tests", "{586D70D8-ECB4-495A-A850-C903AC3A5360}"
EndProject
Project("{2150E333-8FDC-42A3-9474-1A3956D46DE8}") = "behaviour", "behaviour", "{C91B7660-3F92-4BC6-8BBC-85D28F60CA48}"
EndProject
Project("{FAE04EC0-301F-11D3-BF4B-00C04F79EFBC}") = "Behaviour.Tests", "tests\behaviour\Behaviour.Tests\Behaviour.Tests.csproj", "{72E8849F-81E7-4B08-BD1A-CD61304F551F}"
EndProject
Global
	GlobalSection(SolutionConfigurationPlatforms) = preSolution
		Debug|Any CPU = Debug|Any CPU
		Debug|x64 = Debug|x64
		Debug|x86 = Debug|x86
		Release|Any CPU = Release|Any CPU
		Release|x64 = Release|x64
		Release|x86 = Release|x86
	EndGlobalSection
	GlobalSection(SolutionProperties) = preSolution
		HideSolutionNode = FALSE
	EndGlobalSection
	GlobalSection(ProjectConfigurationPlatforms) = postSolution
		{B3A8D121-DC3A-4CE9-B884-06929DC229CF}.Debug|Any CPU.ActiveCfg = Debug|Any CPU
		{B3A8D121-DC3A-4CE9-B884-06929DC229CF}.Debug|Any CPU.Build.0 = Debug|Any CPU
		{B3A8D121-DC3A-4CE9-B884-06929DC229CF}.Debug|x64.ActiveCfg = Debug|Any CPU
		{B3A8D121-DC3A-4CE9-B884-06929DC229CF}.Debug|x64.Build.0 = Debug|Any CPU
		{B3A8D121-DC3A-4CE9-B884-06929DC229CF}.Debug|x86.ActiveCfg = Debug|Any CPU
		{B3A8D121-DC3A-4CE9-B884-06929DC229CF}.Debug|x86.Build.0 = Debug|Any CPU
		{B3A8D121-DC3A-4CE9-B884-06929DC229CF}.Release|Any CPU.ActiveCfg = Release|Any CPU
		{B3A8D121-DC3A-4CE9-B884-06929DC229CF}.Release|Any CPU.Build.0 = Release|Any CPU
		{B3A8D121-DC3A-4CE9-B884-06929DC229CF}.Release|x64.ActiveCfg = Release|Any CPU
		{B3A8D121-DC3A-4CE9-B884-06929DC229CF}.Release|x64.Build.0 = Release|Any CPU
		{B3A8D121-DC3A-4CE9-B884-06929DC229CF}.Release|x86.ActiveCfg = Release|Any CPU
		{B3A8D121-DC3A-4CE9-B884-06929DC229CF}.Release|x86.Build.0 = Release|Any CPU
		{72E8849F-81E7-4B08-BD1A-CD61304F551F}.Debug|Any CPU.ActiveCfg = Debug|Any CPU
		{72E8849F-81E7-4B08-BD1A-CD61304F551F}.Debug|Any CPU.Build.0 = Debug|Any CPU
		{72E8849F-81E7-4B08-BD1A-CD61304F551F}.Debug|x64.ActiveCfg = Debug|Any CPU
		{72E8849F-81E7-4B08-BD1A-CD61304F551F}.Debug|x64.Build.0 = Debug|Any CPU
		{72E8849F-81E7-4B08-BD1A-CD61304F551F}.Debug|x86.ActiveCfg = Debug|Any CPU
		{72E8849F-81E7-4B08-BD1A-CD61304F551F}.Debug|x86.Build.0 = Debug|Any CPU
		{72E8849F-81E7-4B08-BD1A-CD61304F551F}.Release|Any CPU.ActiveCfg = Release|Any CPU
		{72E8849F-81E7-4B08-BD1A-CD61304F551F}.Release|Any CPU.Build.0 = Release|Any CPU
		{72E8849F-81E7-4B08-BD1A-CD61304F551F}.Release|x64.ActiveCfg = Release|Any CPU
		{72E8849F-81E7-4B08-BD1A-CD61304F551F}.Release|x64.Build.0 = Release|Any CPU
		{72E8849F-81E7-4B08-BD1A-CD61304F551F}.Release|x86.ActiveCfg = Release|Any CPU
		{72E8849F-81E7-4B08-BD1A-CD61304F551F}.Release|x86.Build.0 = Release|Any CPU
	EndGlobalSection
	GlobalSection(NestedProjects) = preSolution
		{33A31EF9-826B-48B3-8062-FF8FF9A4CF44} = {3DC98F55-FBD2-4470-BBB9-CA5E2109AD3B}
		{B3A8D121-DC3A-4CE9-B884-06929DC229CF} = {33A31EF9-826B-48B3-8062-FF8FF9A4CF44}
		{C91B7660-3F92-4BC6-8BBC-85D28F60CA48} = {586D70D8-ECB4-495A-A850-C903AC3A5360}
		{72E8849F-81E7-4B08-BD1A-CD61304F551F} = {C91B7660-3F92-4BC6-8BBC-85D28F60CA48}
	EndGlobalSection
EndGlobal
