
Microsoft Visual Studio Solution File, Format Version 12.00
# Visual Studio Version 16
VisualStudioVersion = 16.0.28803.202
MinimumVisualStudioVersion = 10.0.40219.1
Project("{FAE04EC0-301F-11D3-BF4B-00C04F79EFBC}") = "ContextDemo", "ContextDemo\ContextDemo.csproj", "{A852EF94-6925-4EC6-8BE8-37BE57F10FC7}"
EndProject
Global
	GlobalSection(SolutionConfigurationPlatforms) = preSolution
		Debug|Any CPU = Debug|Any CPU
		Release|Any CPU = Release|Any CPU
	EndGlobalSection
	GlobalSection(ProjectConfigurationPlatforms) = postSolution
		{A852EF94-6925-4EC6-8BE8-37BE57F10FC7}.Debug|Any CPU.ActiveCfg = Debug|Any CPU
		{A852EF94-6925-4EC6-8BE8-37BE57F10FC7}.Debug|Any CPU.Build.0 = Debug|Any CPU
		{A852EF94-6925-4EC6-8BE8-37BE57F10FC7}.Release|Any CPU.ActiveCfg = Release|Any CPU
		{A852EF94-6925-4EC6-8BE8-37BE57F10FC7}.Release|Any CPU.Build.0 = Release|Any CPU
	EndGlobalSection
	GlobalSection(SolutionProperties) = preSolution
		HideSolutionNode = FALSE
	EndGlobalSection
	GlobalSection(ExtensibilityGlobals) = postSolution
		SolutionGuid = {6330345D-2216-4D2D-8BAD-1A0EAA3E998B}
	EndGlobalSection
EndGlobal
