
Microsoft Visual Studio Solution File, Format Version 12.00
# Visual Studio 15
VisualStudioVersion = 15.0.26730.12
MinimumVisualStudioVersion = 10.0.40219.1
Project("{FAE04EC0-301F-11D3-BF4B-00C04F79EFBC}") = "ITextSharpDemo", "ITextSharpDemo\ITextSharpDemo.csproj", "{5D208C36-8FBD-4D82-A693-5CAD5C1C116C}"
EndProject
Global
	GlobalSection(SolutionConfigurationPlatforms) = preSolution
		Debug|Any CPU = Debug|Any CPU
		Release|Any CPU = Release|Any CPU
	EndGlobalSection
	GlobalSection(ProjectConfigurationPlatforms) = postSolution
		{5D208C36-8FBD-4D82-A693-5CAD5C1C116C}.Debug|Any CPU.ActiveCfg = Debug|Any CPU
		{5D208C36-8FBD-4D82-A693-5CAD5C1C116C}.Debug|Any CPU.Build.0 = Debug|Any CPU
		{5D208C36-8FBD-4D82-A693-5CAD5C1C116C}.Release|Any CPU.ActiveCfg = Release|Any CPU
		{5D208C36-8FBD-4D82-A693-5CAD5C1C116C}.Release|Any CPU.Build.0 = Release|Any CPU
	EndGlobalSection
	GlobalSection(SolutionProperties) = preSolution
		HideSolutionNode = FALSE
	EndGlobalSection
	GlobalSection(ExtensibilityGlobals) = postSolution
		SolutionGuid = {4AF21C58-1D9E-49FA-B5B2-644E6369E69B}
	EndGlobalSection
EndGlobal
