
Microsoft Visual Studio Solution File, Format Version 12.00
# Visual Studio Version 16
VisualStudioVersion = 16.0.29509.3
MinimumVisualStudioVersion = 15.0.26124.0
Project("{2150E333-8FDC-42A3-9474-1A3956D46DE8}") = "src", "src", "{4E55C4E9-D451-4DD0-AF41-BC8B0DBCBF4A}"
EndProject
Project("{2150E333-8FDC-42A3-9474-1A3956D46DE8}") = "NetCore3.1", "NetCore3.1", "{C22D49EA-14E4-486B-8E24-D210A6B2A4FB}"
EndProject
Project("{2150E333-8FDC-42A3-9474-1A3956D46DE8}") = "Services", "Services", "{FFAA503E-6A50-4975-80B5-20DC854B8F9D}"
EndProject
Project("{2150E333-8FDC-42A3-9474-1A3956D46DE8}") = "test", "test", "{8399C6DB-2CBA-48B0-9221-70317006B33A}"
EndProject
Project("{2150E333-8FDC-42A3-9474-1A3956D46DE8}") = "NetCore3.0", "NetCore3.0", "{B96B87F9-E38D-4B3F-8158-98B1B6A6D506}"
	ProjectSection(SolutionItems) = preProject
		test\NetCore3.0\Services\FTGOServices\FTGOServices.Tests\ServiceTests.cs = test\NetCore3.0\Services\FTGOServices\FTGOServices.Tests\ServiceTests.cs
	EndProjectSection
EndProject
Project("{2150E333-8FDC-42A3-9474-1A3956D46DE8}") = "Services", "Services", "{94F56ECF-1D5D-495B-B74C-9715A0959517}"
EndProject
Project("{9A19103F-16F7-4668-BE54-9A1E7A4F7556}") = "DeliveryService", "src\NetCore3.0\Services\DeliveryService\DeliveryService.csproj", "{EA1B43C2-14AA-4D44-BC71-16E9ACC64945}"
EndProject
Project("{9A19103F-16F7-4668-BE54-9A1E7A4F7556}") = "KitchenService", "src\NetCore3.0\Services\KitchenService\KitchenService.csproj", "{31D3F31C-A90E-4797-9A34-241F2BD6CBA5}"
EndProject
Project("{9A19103F-16F7-4668-BE54-9A1E7A4F7556}") = "OrderService", "src\NetCore3.0\Services\OrderService\OrderService.csproj", "{674D36CB-0124-4986-AFFA-A0563B4AACFB}"
EndProject
Project("{9A19103F-16F7-4668-BE54-9A1E7A4F7556}") = "RestaurantService", "src\NetCore3.0\Services\RestraurantService\RestaurantService.csproj", "{6285C7AF-33B0-4529-89D2-F17F96C0AB4F}"
EndProject
Project("{9A19103F-16F7-4668-BE54-9A1E7A4F7556}") = "FTGOServices", "src\NetCore3.0\Services\BaseServices\FTGOServices.csproj", "{A3478754-F256-4122-961B-BC15B6A2FD7C}"
EndProject
Project("{2150E333-8FDC-42A3-9474-1A3956D46DE8}") = "NetStandard", "NetStandard", "{26562B1E-496B-482F-9DDA-9E990283DC27}"
EndProject
Project("{2150E333-8FDC-42A3-9474-1A3956D46DE8}") = "Domain", "Domain", "{587FBB49-E766-4507-A8E4-2BD9F2DA9FE6}"
EndProject
Project("{9A19103F-16F7-4668-BE54-9A1E7A4F7556}") = "Order", "src\NetStandard\Domain\Order\Order.csproj", "{17E466FF-6B40-4B42-8A9A-8ECE9026ABC6}"
EndProject
Project("{2150E333-8FDC-42A3-9474-1A3956D46DE8}") = "NetStandard", "NetStandard", "{5D720942-CFF8-4237-AEDA-90EB06EF507E}"
EndProject
Project("{9A19103F-16F7-4668-BE54-9A1E7A4F7556}") = "OrderTests", "test\NetStandard\Order.Tests\OrderTests.csproj", "{72B258FF-F222-48C8-86B0-201E81A41438}"
EndProject
Project("{FAE04EC0-301F-11D3-BF4B-00C04F79EFBC}") = "DomainObjects", "DomainObjects\DomainObjects.csproj", "{EB73B12B-C9C0-45C2-8533-920825009F1A}"
EndProject
Global
	GlobalSection(SolutionConfigurationPlatforms) = preSolution
		Debug|Any CPU = Debug|Any CPU
		Debug|x64 = Debug|x64
		Debug|x86 = Debug|x86
		Release|Any CPU = Release|Any CPU
		Release|x64 = Release|x64
		Release|x86 = Release|x86
	EndGlobalSection
	GlobalSection(ProjectConfigurationPlatforms) = postSolution
		{EA1B43C2-14AA-4D44-BC71-16E9ACC64945}.Debug|Any CPU.ActiveCfg = Debug|Any CPU
		{EA1B43C2-14AA-4D44-BC71-16E9ACC64945}.Debug|Any CPU.Build.0 = Debug|Any CPU
		{EA1B43C2-14AA-4D44-BC71-16E9ACC64945}.Debug|x64.ActiveCfg = Debug|Any CPU
		{EA1B43C2-14AA-4D44-BC71-16E9ACC64945}.Debug|x64.Build.0 = Debug|Any CPU
		{EA1B43C2-14AA-4D44-BC71-16E9ACC64945}.Debug|x86.ActiveCfg = Debug|Any CPU
		{EA1B43C2-14AA-4D44-BC71-16E9ACC64945}.Debug|x86.Build.0 = Debug|Any CPU
		{EA1B43C2-14AA-4D44-BC71-16E9ACC64945}.Release|Any CPU.ActiveCfg = Release|Any CPU
		{EA1B43C2-14AA-4D44-BC71-16E9ACC64945}.Release|Any CPU.Build.0 = Release|Any CPU
		{EA1B43C2-14AA-4D44-BC71-16E9ACC64945}.Release|x64.ActiveCfg = Release|Any CPU
		{EA1B43C2-14AA-4D44-BC71-16E9ACC64945}.Release|x64.Build.0 = Release|Any CPU
		{EA1B43C2-14AA-4D44-BC71-16E9ACC64945}.Release|x86.ActiveCfg = Release|Any CPU
		{EA1B43C2-14AA-4D44-BC71-16E9ACC64945}.Release|x86.Build.0 = Release|Any CPU
		{31D3F31C-A90E-4797-9A34-241F2BD6CBA5}.Debug|Any CPU.ActiveCfg = Debug|Any CPU
		{31D3F31C-A90E-4797-9A34-241F2BD6CBA5}.Debug|Any CPU.Build.0 = Debug|Any CPU
		{31D3F31C-A90E-4797-9A34-241F2BD6CBA5}.Debug|x64.ActiveCfg = Debug|Any CPU
		{31D3F31C-A90E-4797-9A34-241F2BD6CBA5}.Debug|x64.Build.0 = Debug|Any CPU
		{31D3F31C-A90E-4797-9A34-241F2BD6CBA5}.Debug|x86.ActiveCfg = Debug|Any CPU
		{31D3F31C-A90E-4797-9A34-241F2BD6CBA5}.Debug|x86.Build.0 = Debug|Any CPU
		{31D3F31C-A90E-4797-9A34-241F2BD6CBA5}.Release|Any CPU.ActiveCfg = Release|Any CPU
		{31D3F31C-A90E-4797-9A34-241F2BD6CBA5}.Release|Any CPU.Build.0 = Release|Any CPU
		{31D3F31C-A90E-4797-9A34-241F2BD6CBA5}.Release|x64.ActiveCfg = Release|Any CPU
		{31D3F31C-A90E-4797-9A34-241F2BD6CBA5}.Release|x64.Build.0 = Release|Any CPU
		{31D3F31C-A90E-4797-9A34-241F2BD6CBA5}.Release|x86.ActiveCfg = Release|Any CPU
		{31D3F31C-A90E-4797-9A34-241F2BD6CBA5}.Release|x86.Build.0 = Release|Any CPU
		{674D36CB-0124-4986-AFFA-A0563B4AACFB}.Debug|Any CPU.ActiveCfg = Debug|Any CPU
		{674D36CB-0124-4986-AFFA-A0563B4AACFB}.Debug|Any CPU.Build.0 = Debug|Any CPU
		{674D36CB-0124-4986-AFFA-A0563B4AACFB}.Debug|x64.ActiveCfg = Debug|Any CPU
		{674D36CB-0124-4986-AFFA-A0563B4AACFB}.Debug|x64.Build.0 = Debug|Any CPU
		{674D36CB-0124-4986-AFFA-A0563B4AACFB}.Debug|x86.ActiveCfg = Debug|Any CPU
		{674D36CB-0124-4986-AFFA-A0563B4AACFB}.Debug|x86.Build.0 = Debug|Any CPU
		{674D36CB-0124-4986-AFFA-A0563B4AACFB}.Release|Any CPU.ActiveCfg = Release|Any CPU
		{674D36CB-0124-4986-AFFA-A0563B4AACFB}.Release|Any CPU.Build.0 = Release|Any CPU
		{674D36CB-0124-4986-AFFA-A0563B4AACFB}.Release|x64.ActiveCfg = Release|Any CPU
		{674D36CB-0124-4986-AFFA-A0563B4AACFB}.Release|x64.Build.0 = Release|Any CPU
		{674D36CB-0124-4986-AFFA-A0563B4AACFB}.Release|x86.ActiveCfg = Release|Any CPU
		{674D36CB-0124-4986-AFFA-A0563B4AACFB}.Release|x86.Build.0 = Release|Any CPU
		{6285C7AF-33B0-4529-89D2-F17F96C0AB4F}.Debug|Any CPU.ActiveCfg = Debug|Any CPU
		{6285C7AF-33B0-4529-89D2-F17F96C0AB4F}.Debug|Any CPU.Build.0 = Debug|Any CPU
		{6285C7AF-33B0-4529-89D2-F17F96C0AB4F}.Debug|x64.ActiveCfg = Debug|Any CPU
		{6285C7AF-33B0-4529-89D2-F17F96C0AB4F}.Debug|x64.Build.0 = Debug|Any CPU
		{6285C7AF-33B0-4529-89D2-F17F96C0AB4F}.Debug|x86.ActiveCfg = Debug|Any CPU
		{6285C7AF-33B0-4529-89D2-F17F96C0AB4F}.Debug|x86.Build.0 = Debug|Any CPU
		{6285C7AF-33B0-4529-89D2-F17F96C0AB4F}.Release|Any CPU.ActiveCfg = Release|Any CPU
		{6285C7AF-33B0-4529-89D2-F17F96C0AB4F}.Release|Any CPU.Build.0 = Release|Any CPU
		{6285C7AF-33B0-4529-89D2-F17F96C0AB4F}.Release|x64.ActiveCfg = Release|Any CPU
		{6285C7AF-33B0-4529-89D2-F17F96C0AB4F}.Release|x64.Build.0 = Release|Any CPU
		{6285C7AF-33B0-4529-89D2-F17F96C0AB4F}.Release|x86.ActiveCfg = Release|Any CPU
		{6285C7AF-33B0-4529-89D2-F17F96C0AB4F}.Release|x86.Build.0 = Release|Any CPU
		{A3478754-F256-4122-961B-BC15B6A2FD7C}.Debug|Any CPU.ActiveCfg = Debug|Any CPU
		{A3478754-F256-4122-961B-BC15B6A2FD7C}.Debug|Any CPU.Build.0 = Debug|Any CPU
		{A3478754-F256-4122-961B-BC15B6A2FD7C}.Debug|x64.ActiveCfg = Debug|Any CPU
		{A3478754-F256-4122-961B-BC15B6A2FD7C}.Debug|x64.Build.0 = Debug|Any CPU
		{A3478754-F256-4122-961B-BC15B6A2FD7C}.Debug|x86.ActiveCfg = Debug|Any CPU
		{A3478754-F256-4122-961B-BC15B6A2FD7C}.Debug|x86.Build.0 = Debug|Any CPU
		{A3478754-F256-4122-961B-BC15B6A2FD7C}.Release|Any CPU.ActiveCfg = Release|Any CPU
		{A3478754-F256-4122-961B-BC15B6A2FD7C}.Release|Any CPU.Build.0 = Release|Any CPU
		{A3478754-F256-4122-961B-BC15B6A2FD7C}.Release|x64.ActiveCfg = Release|Any CPU
		{A3478754-F256-4122-961B-BC15B6A2FD7C}.Release|x64.Build.0 = Release|Any CPU
		{A3478754-F256-4122-961B-BC15B6A2FD7C}.Release|x86.ActiveCfg = Release|Any CPU
		{A3478754-F256-4122-961B-BC15B6A2FD7C}.Release|x86.Build.0 = Release|Any CPU
		{17E466FF-6B40-4B42-8A9A-8ECE9026ABC6}.Debug|Any CPU.ActiveCfg = Debug|Any CPU
		{17E466FF-6B40-4B42-8A9A-8ECE9026ABC6}.Debug|Any CPU.Build.0 = Debug|Any CPU
		{17E466FF-6B40-4B42-8A9A-8ECE9026ABC6}.Debug|x64.ActiveCfg = Debug|Any CPU
		{17E466FF-6B40-4B42-8A9A-8ECE9026ABC6}.Debug|x64.Build.0 = Debug|Any CPU
		{17E466FF-6B40-4B42-8A9A-8ECE9026ABC6}.Debug|x86.ActiveCfg = Debug|Any CPU
		{17E466FF-6B40-4B42-8A9A-8ECE9026ABC6}.Debug|x86.Build.0 = Debug|Any CPU
		{17E466FF-6B40-4B42-8A9A-8ECE9026ABC6}.Release|Any CPU.ActiveCfg = Release|Any CPU
		{17E466FF-6B40-4B42-8A9A-8ECE9026ABC6}.Release|Any CPU.Build.0 = Release|Any CPU
		{17E466FF-6B40-4B42-8A9A-8ECE9026ABC6}.Release|x64.ActiveCfg = Release|Any CPU
		{17E466FF-6B40-4B42-8A9A-8ECE9026ABC6}.Release|x64.Build.0 = Release|Any CPU
		{17E466FF-6B40-4B42-8A9A-8ECE9026ABC6}.Release|x86.ActiveCfg = Release|Any CPU
		{17E466FF-6B40-4B42-8A9A-8ECE9026ABC6}.Release|x86.Build.0 = Release|Any CPU
		{72B258FF-F222-48C8-86B0-201E81A41438}.Debug|Any CPU.ActiveCfg = Debug|Any CPU
		{72B258FF-F222-48C8-86B0-201E81A41438}.Debug|Any CPU.Build.0 = Debug|Any CPU
		{72B258FF-F222-48C8-86B0-201E81A41438}.Debug|x64.ActiveCfg = Debug|Any CPU
		{72B258FF-F222-48C8-86B0-201E81A41438}.Debug|x64.Build.0 = Debug|Any CPU
		{72B258FF-F222-48C8-86B0-201E81A41438}.Debug|x86.ActiveCfg = Debug|Any CPU
		{72B258FF-F222-48C8-86B0-201E81A41438}.Debug|x86.Build.0 = Debug|Any CPU
		{72B258FF-F222-48C8-86B0-201E81A41438}.Release|Any CPU.ActiveCfg = Release|Any CPU
		{72B258FF-F222-48C8-86B0-201E81A41438}.Release|Any CPU.Build.0 = Release|Any CPU
		{72B258FF-F222-48C8-86B0-201E81A41438}.Release|x64.ActiveCfg = Release|Any CPU
		{72B258FF-F222-48C8-86B0-201E81A41438}.Release|x64.Build.0 = Release|Any CPU
		{72B258FF-F222-48C8-86B0-201E81A41438}.Release|x86.ActiveCfg = Release|Any CPU
		{72B258FF-F222-48C8-86B0-201E81A41438}.Release|x86.Build.0 = Release|Any CPU
		{EB73B12B-C9C0-45C2-8533-920825009F1A}.Debug|Any CPU.ActiveCfg = Debug|Any CPU
		{EB73B12B-C9C0-45C2-8533-920825009F1A}.Debug|Any CPU.Build.0 = Debug|Any CPU
		{EB73B12B-C9C0-45C2-8533-920825009F1A}.Debug|x64.ActiveCfg = Debug|Any CPU
		{EB73B12B-C9C0-45C2-8533-920825009F1A}.Debug|x64.Build.0 = Debug|Any CPU
		{EB73B12B-C9C0-45C2-8533-920825009F1A}.Debug|x86.ActiveCfg = Debug|Any CPU
		{EB73B12B-C9C0-45C2-8533-920825009F1A}.Debug|x86.Build.0 = Debug|Any CPU
		{EB73B12B-C9C0-45C2-8533-920825009F1A}.Release|Any CPU.ActiveCfg = Release|Any CPU
		{EB73B12B-C9C0-45C2-8533-920825009F1A}.Release|Any CPU.Build.0 = Release|Any CPU
		{EB73B12B-C9C0-45C2-8533-920825009F1A}.Release|x64.ActiveCfg = Release|Any CPU
		{EB73B12B-C9C0-45C2-8533-920825009F1A}.Release|x64.Build.0 = Release|Any CPU
		{EB73B12B-C9C0-45C2-8533-920825009F1A}.Release|x86.ActiveCfg = Release|Any CPU
		{EB73B12B-C9C0-45C2-8533-920825009F1A}.Release|x86.Build.0 = Release|Any CPU
	EndGlobalSection
	GlobalSection(SolutionProperties) = preSolution
		HideSolutionNode = FALSE
	EndGlobalSection
	GlobalSection(NestedProjects) = preSolution
		{C22D49EA-14E4-486B-8E24-D210A6B2A4FB} = {4E55C4E9-D451-4DD0-AF41-BC8B0DBCBF4A}
		{FFAA503E-6A50-4975-80B5-20DC854B8F9D} = {C22D49EA-14E4-486B-8E24-D210A6B2A4FB}
		{B96B87F9-E38D-4B3F-8158-98B1B6A6D506} = {8399C6DB-2CBA-48B0-9221-70317006B33A}
		{94F56ECF-1D5D-495B-B74C-9715A0959517} = {B96B87F9-E38D-4B3F-8158-98B1B6A6D506}
		{EA1B43C2-14AA-4D44-BC71-16E9ACC64945} = {FFAA503E-6A50-4975-80B5-20DC854B8F9D}
		{31D3F31C-A90E-4797-9A34-241F2BD6CBA5} = {FFAA503E-6A50-4975-80B5-20DC854B8F9D}
		{674D36CB-0124-4986-AFFA-A0563B4AACFB} = {FFAA503E-6A50-4975-80B5-20DC854B8F9D}
		{6285C7AF-33B0-4529-89D2-F17F96C0AB4F} = {FFAA503E-6A50-4975-80B5-20DC854B8F9D}
		{A3478754-F256-4122-961B-BC15B6A2FD7C} = {FFAA503E-6A50-4975-80B5-20DC854B8F9D}
		{26562B1E-496B-482F-9DDA-9E990283DC27} = {4E55C4E9-D451-4DD0-AF41-BC8B0DBCBF4A}
		{587FBB49-E766-4507-A8E4-2BD9F2DA9FE6} = {26562B1E-496B-482F-9DDA-9E990283DC27}
		{17E466FF-6B40-4B42-8A9A-8ECE9026ABC6} = {587FBB49-E766-4507-A8E4-2BD9F2DA9FE6}
		{5D720942-CFF8-4237-AEDA-90EB06EF507E} = {8399C6DB-2CBA-48B0-9221-70317006B33A}
		{72B258FF-F222-48C8-86B0-201E81A41438} = {5D720942-CFF8-4237-AEDA-90EB06EF507E}
		{EB73B12B-C9C0-45C2-8533-920825009F1A} = {587FBB49-E766-4507-A8E4-2BD9F2DA9FE6}
	EndGlobalSection
	GlobalSection(ExtensibilityGlobals) = postSolution
		SolutionGuid = {AEA54CA4-043D-47BD-BDA6-E432651C3F06}
	EndGlobalSection
EndGlobal
