
Microsoft Visual Studio Solution File, Format Version 12.00
# Visual Studio 15
VisualStudioVersion = 15.0.28307.438
MinimumVisualStudioVersion = 10.0.40219.1
Project("{FAE04EC0-301F-11D3-BF4B-00C04F79EFBC}") = "ControllerTemplate", "ClassLibrary1\ControllerTemplate.csproj", "{922ACB30-A73E-4D0D-B34E-F7701A609526}"
EndProject
Global
	GlobalSection(SolutionConfigurationPlatforms) = preSolution
		Debug|Any CPU = Debug|Any CPU
		Release|Any CPU = Release|Any CPU
	EndGlobalSection
	GlobalSection(ProjectConfigurationPlatforms) = postSolution
		{922ACB30-A73E-4D0D-B34E-F7701A609526}.Debug|Any CPU.ActiveCfg = Debug|Any CPU
		{922ACB30-A73E-4D0D-B34E-F7701A609526}.Debug|Any CPU.Build.0 = Debug|Any CPU
		{922ACB30-A73E-4D0D-B34E-F7701A609526}.Release|Any CPU.ActiveCfg = Release|Any CPU
		{922ACB30-A73E-4D0D-B34E-F7701A609526}.Release|Any CPU.Build.0 = Release|Any CPU
	EndGlobalSection
	GlobalSection(SolutionProperties) = preSolution
		HideSolutionNode = FALSE
	EndGlobalSection
	GlobalSection(ExtensibilityGlobals) = postSolution
		SolutionGuid = {4C00548E-1C7B-4462-BF84-417785A762DD}
	EndGlobalSection
EndGlobal
