
Microsoft Visual Studio Solution File, Format Version 12.00
# Visual Studio 15
VisualStudioVersion = 15.0.27428.1
MinimumVisualStudioVersion = 10.0.40219.1
Project("{FAE04EC0-301F-11D3-BF4B-00C04F79EFBC}") = "EntityFrameworkDemoTest", "EntityFrameworkDemoTest\EntityFrameworkDemoTest.csproj", "{B7B6D1BF-0CA1-40F7-B57B-A6CD566D654E}"
EndProject
Project("{FAE04EC0-301F-11D3-BF4B-00C04F79EFBC}") = "GenericRepositoryDemo", "GenericRepositoryDemo\GenericRepositoryDemo.csproj", "{47F1128B-73F8-406E-BDE4-51F37CBDE142}"
EndProject
Global
	GlobalSection(SolutionConfigurationPlatforms) = preSolution
		Debug|Any CPU = Debug|Any CPU
		Release|Any CPU = Release|Any CPU
	EndGlobalSection
	GlobalSection(ProjectConfigurationPlatforms) = postSolution
		{B7B6D1BF-0CA1-40F7-B57B-A6CD566D654E}.Debug|Any CPU.ActiveCfg = Debug|Any CPU
		{B7B6D1BF-0CA1-40F7-B57B-A6CD566D654E}.Debug|Any CPU.Build.0 = Debug|Any CPU
		{B7B6D1BF-0CA1-40F7-B57B-A6CD566D654E}.Release|Any CPU.ActiveCfg = Release|Any CPU
		{B7B6D1BF-0CA1-40F7-B57B-A6CD566D654E}.Release|Any CPU.Build.0 = Release|Any CPU
		{47F1128B-73F8-406E-BDE4-51F37CBDE142}.Debug|Any CPU.ActiveCfg = Debug|Any CPU
		{47F1128B-73F8-406E-BDE4-51F37CBDE142}.Debug|Any CPU.Build.0 = Debug|Any CPU
		{47F1128B-73F8-406E-BDE4-51F37CBDE142}.Release|Any CPU.ActiveCfg = Release|Any CPU
		{47F1128B-73F8-406E-BDE4-51F37CBDE142}.Release|Any CPU.Build.0 = Release|Any CPU
	EndGlobalSection
	GlobalSection(SolutionProperties) = preSolution
		HideSolutionNode = FALSE
	EndGlobalSection
	GlobalSection(ExtensibilityGlobals) = postSolution
		SolutionGuid = {28C6042D-C148-4695-BA35-B1AC12F95D9F}
	EndGlobalSection
EndGlobal
