
Microsoft Visual Studio Solution File, Format Version 12.00
# Visual Studio 15
VisualStudioVersion = 15.0.26730.12
MinimumVisualStudioVersion = 10.0.40219.1
Project("{FAE04EC0-301F-11D3-BF4B-00C04F79EFBC}") = "Constructix.Home.ElectricityReadingManagement.Tests", "Constructix.Home.ElectricityReadingManagement.Tests\Constructix.Home.ElectricityReadingManagement.Tests.csproj", "{45150558-DB98-40E0-B7D1-EC458519268D}"
EndProject
Project("{FAE04EC0-301F-11D3-BF4B-00C04F79EFBC}") = "Constructix.Home.ElectricityReadingManagement", "..\Constructix.Home.ElectricityReadingManagement\Constructix.Home.ElectricityReadingManagement.csproj", "{E2C7EF10-6E45-4607-AF51-82106A4B232F}"
EndProject
Project("{FAE04EC0-301F-11D3-BF4B-00C04F79EFBC}") = "Constructix.Home.Electricity.Services", "..\Constructix.Home.Electricity.Services\Constructix.Home.Electricity.Services.csproj", "{1E16C54E-FDA7-419F-AA32-45AAC7846911}"
EndProject
Project("{FAE04EC0-301F-11D3-BF4B-00C04F79EFBC}") = "Constructix.Home.ElectricityReading.Data", "..\Constructix.Home.ElectricityReading.Data\Constructix.Home.ElectricityReading.Data.csproj", "{B0D03B2B-6C67-41A9-A9B9-D6A8ED8ADF42}"
EndProject
Global
	GlobalSection(SolutionConfigurationPlatforms) = preSolution
		Debug|Any CPU = Debug|Any CPU
		Release|Any CPU = Release|Any CPU
	EndGlobalSection
	GlobalSection(ProjectConfigurationPlatforms) = postSolution
		{45150558-DB98-40E0-B7D1-EC458519268D}.Debug|Any CPU.ActiveCfg = Debug|Any CPU
		{45150558-DB98-40E0-B7D1-EC458519268D}.Debug|Any CPU.Build.0 = Debug|Any CPU
		{45150558-DB98-40E0-B7D1-EC458519268D}.Release|Any CPU.ActiveCfg = Release|Any CPU
		{45150558-DB98-40E0-B7D1-EC458519268D}.Release|Any CPU.Build.0 = Release|Any CPU
		{E2C7EF10-6E45-4607-AF51-82106A4B232F}.Debug|Any CPU.ActiveCfg = Debug|Any CPU
		{E2C7EF10-6E45-4607-AF51-82106A4B232F}.Debug|Any CPU.Build.0 = Debug|Any CPU
		{E2C7EF10-6E45-4607-AF51-82106A4B232F}.Release|Any CPU.ActiveCfg = Release|Any CPU
		{E2C7EF10-6E45-4607-AF51-82106A4B232F}.Release|Any CPU.Build.0 = Release|Any CPU
		{1E16C54E-FDA7-419F-AA32-45AAC7846911}.Debug|Any CPU.ActiveCfg = Debug|Any CPU
		{1E16C54E-FDA7-419F-AA32-45AAC7846911}.Debug|Any CPU.Build.0 = Debug|Any CPU
		{1E16C54E-FDA7-419F-AA32-45AAC7846911}.Release|Any CPU.ActiveCfg = Release|Any CPU
		{1E16C54E-FDA7-419F-AA32-45AAC7846911}.Release|Any CPU.Build.0 = Release|Any CPU
		{B0D03B2B-6C67-41A9-A9B9-D6A8ED8ADF42}.Debug|Any CPU.ActiveCfg = Debug|Any CPU
		{B0D03B2B-6C67-41A9-A9B9-D6A8ED8ADF42}.Debug|Any CPU.Build.0 = Debug|Any CPU
		{B0D03B2B-6C67-41A9-A9B9-D6A8ED8ADF42}.Release|Any CPU.ActiveCfg = Release|Any CPU
		{B0D03B2B-6C67-41A9-A9B9-D6A8ED8ADF42}.Release|Any CPU.Build.0 = Release|Any CPU
	EndGlobalSection
	GlobalSection(SolutionProperties) = preSolution
		HideSolutionNode = FALSE
	EndGlobalSection
	GlobalSection(ExtensibilityGlobals) = postSolution
		SolutionGuid = {B37779A8-A43D-4232-8FD1-6EB1FEC1E10A}
	EndGlobalSection
EndGlobal
