
Microsoft Visual Studio Solution File, Format Version 12.00
# Visual Studio 15
VisualStudioVersion = 15.0.28010.2046
MinimumVisualStudioVersion = 10.0.40219.1
Project("{FAE04EC0-301F-11D3-BF4B-00C04F79EFBC}") = "ConstructixBuildLogger", "ConstructixBuildLogger\ConstructixBuildLogger.csproj", "{E9DFF09A-6EC8-4FD9-91A3-21932DFEDD66}"
EndProject
Global
	GlobalSection(SolutionConfigurationPlatforms) = preSolution
		Debug|Any CPU = Debug|Any CPU
		Release|Any CPU = Release|Any CPU
	EndGlobalSection
	GlobalSection(ProjectConfigurationPlatforms) = postSolution
		{E9DFF09A-6EC8-4FD9-91A3-21932DFEDD66}.Debug|Any CPU.ActiveCfg = Debug|Any CPU
		{E9DFF09A-6EC8-4FD9-91A3-21932DFEDD66}.Debug|Any CPU.Build.0 = Debug|Any CPU
		{E9DFF09A-6EC8-4FD9-91A3-21932DFEDD66}.Release|Any CPU.ActiveCfg = Release|Any CPU
		{E9DFF09A-6EC8-4FD9-91A3-21932DFEDD66}.Release|Any CPU.Build.0 = Release|Any CPU
	EndGlobalSection
	GlobalSection(SolutionProperties) = preSolution
		HideSolutionNode = FALSE
	EndGlobalSection
	GlobalSection(ExtensibilityGlobals) = postSolution
		SolutionGuid = {FB698279-0B60-4595-BD9A-A785D2EE3A89}
	EndGlobalSection
EndGlobal
