
Microsoft Visual Studio Solution File, Format Version 12.00
# Visual Studio 15
VisualStudioVersion = 15.0.28010.2046
MinimumVisualStudioVersion = 10.0.40219.1
Project("{9A19103F-16F7-4668-BE54-9A1E7A4F7556}") = "TodoAPI", "src\WebAPI\TodoAPI.csproj", "{43C92C99-63D5-4D76-9670-625B5C2B69B2}"
EndProject
Project("{2150E333-8FDC-42A3-9474-1A3956D46DE8}") = "src", "src", "{F9FEAE26-68C8-44FD-8F76-2DBE77F01659}"
EndProject
Project("{2150E333-8FDC-42A3-9474-1A3956D46DE8}") = "WebAPI", "WebAPI", "{D5208CD4-2DE3-4488-A961-4825625DC14E}"
EndProject
Project("{2150E333-8FDC-42A3-9474-1A3956D46DE8}") = "CommandLine", "CommandLine", "{6444088D-0BBB-41F4-9000-ED8D08313021}"
EndProject
Project("{2150E333-8FDC-42A3-9474-1A3956D46DE8}") = "test", "test", "{2D28F042-7ECD-418D-B364-107007C14C17}"
EndProject
Global
	GlobalSection(SolutionConfigurationPlatforms) = preSolution
		Debug|Any CPU = Debug|Any CPU
		Release|Any CPU = Release|Any CPU
	EndGlobalSection
	GlobalSection(ProjectConfigurationPlatforms) = postSolution
		{43C92C99-63D5-4D76-9670-625B5C2B69B2}.Debug|Any CPU.ActiveCfg = Debug|Any CPU
		{43C92C99-63D5-4D76-9670-625B5C2B69B2}.Debug|Any CPU.Build.0 = Debug|Any CPU
		{43C92C99-63D5-4D76-9670-625B5C2B69B2}.Release|Any CPU.ActiveCfg = Release|Any CPU
		{43C92C99-63D5-4D76-9670-625B5C2B69B2}.Release|Any CPU.Build.0 = Release|Any CPU
	EndGlobalSection
	GlobalSection(SolutionProperties) = preSolution
		HideSolutionNode = FALSE
	EndGlobalSection
	GlobalSection(NestedProjects) = preSolution
		{43C92C99-63D5-4D76-9670-625B5C2B69B2} = {D5208CD4-2DE3-4488-A961-4825625DC14E}
		{D5208CD4-2DE3-4488-A961-4825625DC14E} = {F9FEAE26-68C8-44FD-8F76-2DBE77F01659}
		{6444088D-0BBB-41F4-9000-ED8D08313021} = {F9FEAE26-68C8-44FD-8F76-2DBE77F01659}
	EndGlobalSection
	GlobalSection(ExtensibilityGlobals) = postSolution
		SolutionGuid = {C9912DF7-9264-45E9-BDD9-3119B5DFCF64}
	EndGlobalSection
EndGlobal
