
Microsoft Visual Studio Solution File, Format Version 12.00
# Visual Studio 14
VisualStudioVersion = 14.0.25420.1
MinimumVisualStudioVersion = 10.0.40219.1
Project("{FAE04EC0-301F-11D3-BF4B-00C04F79EFBC}") = "ConcurrentQueues", "ConcurrentQueues\ConcurrentQueues.csproj", "{5DA935EC-80C4-4865-B4B0-28A0C6F784BA}"
EndProject
Project("{FAE04EC0-301F-11D3-BF4B-00C04F79EFBC}") = "ConcurrentQueue", "ConcurrentQueue\ConcurrentQueue.csproj", "{C0752886-19E6-442C-8932-2CEA42AED556}"
EndProject
Global
	GlobalSection(SolutionConfigurationPlatforms) = preSolution
		Debug|Any CPU = Debug|Any CPU
		Release|Any CPU = Release|Any CPU
	EndGlobalSection
	GlobalSection(ProjectConfigurationPlatforms) = postSolution
		{5DA935EC-80C4-4865-B4B0-28A0C6F784BA}.Debug|Any CPU.ActiveCfg = Debug|Any CPU
		{5DA935EC-80C4-4865-B4B0-28A0C6F784BA}.Debug|Any CPU.Build.0 = Debug|Any CPU
		{5DA935EC-80C4-4865-B4B0-28A0C6F784BA}.Release|Any CPU.ActiveCfg = Release|Any CPU
		{5DA935EC-80C4-4865-B4B0-28A0C6F784BA}.Release|Any CPU.Build.0 = Release|Any CPU
		{C0752886-19E6-442C-8932-2CEA42AED556}.Debug|Any CPU.ActiveCfg = Debug|Any CPU
		{C0752886-19E6-442C-8932-2CEA42AED556}.Debug|Any CPU.Build.0 = Debug|Any CPU
		{C0752886-19E6-442C-8932-2CEA42AED556}.Release|Any CPU.ActiveCfg = Release|Any CPU
		{C0752886-19E6-442C-8932-2CEA42AED556}.Release|Any CPU.Build.0 = Release|Any CPU
	EndGlobalSection
	GlobalSection(SolutionProperties) = preSolution
		HideSolutionNode = FALSE
	EndGlobalSection
EndGlobal
