
Microsoft Visual Studio Solution File, Format Version 12.00
Project("{FAE04EC0-301F-11D3-BF4B-00C04F79EFBC}") = "Serilog", "Serilog.csproj", "{412DF025-EB7C-4D15-AAA3-5E36E2D7560A}"
EndProject
Global
	GlobalSection(SolutionConfigurationPlatforms) = preSolution
		Debug|Any CPU = Debug|Any CPU
		Release|Any CPU = Release|Any CPU
	EndGlobalSection
	GlobalSection(ProjectConfigurationPlatforms) = postSolution
		{412DF025-EB7C-4D15-AAA3-5E36E2D7560A}.Debug|Any CPU.ActiveCfg = Debug|Any CPU
		{412DF025-EB7C-4D15-AAA3-5E36E2D7560A}.Debug|Any CPU.Build.0 = Debug|Any CPU
		{412DF025-EB7C-4D15-AAA3-5E36E2D7560A}.Release|Any CPU.ActiveCfg = Release|Any CPU
		{412DF025-EB7C-4D15-AAA3-5E36E2D7560A}.Release|Any CPU.Build.0 = Release|Any CPU
	EndGlobalSection
EndGlobal
