
Microsoft Visual Studio Solution File, Format Version 12.00
# Visual Studio Version 16
VisualStudioVersion = 16.0.28729.10
MinimumVisualStudioVersion = 10.0.40219.1
Project("{FAE04EC0-301F-11D3-BF4B-00C04F79EFBC}") = "WebApplication1", "WebApplication1\WebApplication1.csproj", "{CE661FF4-2216-43BB-BCA2-D7B554C705EF}"
EndProject
Global
	GlobalSection(SolutionConfigurationPlatforms) = preSolution
		Debug|Any CPU = Debug|Any CPU
		Release|Any CPU = Release|Any CPU
	EndGlobalSection
	GlobalSection(ProjectConfigurationPlatforms) = postSolution
		{CE661FF4-2216-43BB-BCA2-D7B554C705EF}.Debug|Any CPU.ActiveCfg = Debug|Any CPU
		{CE661FF4-2216-43BB-BCA2-D7B554C705EF}.Debug|Any CPU.Build.0 = Debug|Any CPU
		{CE661FF4-2216-43BB-BCA2-D7B554C705EF}.Release|Any CPU.ActiveCfg = Release|Any CPU
		{CE661FF4-2216-43BB-BCA2-D7B554C705EF}.Release|Any CPU.Build.0 = Release|Any CPU
	EndGlobalSection
	GlobalSection(SolutionProperties) = preSolution
		HideSolutionNode = FALSE
	EndGlobalSection
	GlobalSection(ExtensibilityGlobals) = postSolution
		SolutionGuid = {D02196BB-B070-4F75-BE64-07500C7AFC9C}
	EndGlobalSection
EndGlobal
