
Microsoft Visual Studio Solution File, Format Version 12.00
# Visual Studio 14
VisualStudioVersion = 14.0.25420.1
MinimumVisualStudioVersion = 10.0.40219.1
Project("{FAE04EC0-301F-11D3-BF4B-00C04F79EFBC}") = "SubmitOrders", "SubmitOrders\SubmitOrders.csproj", "{AF1A279B-801A-4B45-84A2-476F42D86DFF}"
EndProject
Project("{FAE04EC0-301F-11D3-BF4B-00C04F79EFBC}") = "BasicDictionaryOps", "BasicDictionaryOps\BasicDictionaryOps.csproj", "{0B531E76-16BB-4602-907D-60F495365E73}"
EndProject
Global
	GlobalSection(SolutionConfigurationPlatforms) = preSolution
		Debug|Any CPU = Debug|Any CPU
		Release|Any CPU = Release|Any CPU
	EndGlobalSection
	GlobalSection(ProjectConfigurationPlatforms) = postSolution
		{AF1A279B-801A-4B45-84A2-476F42D86DFF}.Debug|Any CPU.ActiveCfg = Debug|Any CPU
		{AF1A279B-801A-4B45-84A2-476F42D86DFF}.Debug|Any CPU.Build.0 = Debug|Any CPU
		{AF1A279B-801A-4B45-84A2-476F42D86DFF}.Release|Any CPU.ActiveCfg = Release|Any CPU
		{AF1A279B-801A-4B45-84A2-476F42D86DFF}.Release|Any CPU.Build.0 = Release|Any CPU
		{0B531E76-16BB-4602-907D-60F495365E73}.Debug|Any CPU.ActiveCfg = Debug|Any CPU
		{0B531E76-16BB-4602-907D-60F495365E73}.Debug|Any CPU.Build.0 = Debug|Any CPU
		{0B531E76-16BB-4602-907D-60F495365E73}.Release|Any CPU.ActiveCfg = Release|Any CPU
		{0B531E76-16BB-4602-907D-60F495365E73}.Release|Any CPU.Build.0 = Release|Any CPU
	EndGlobalSection
	GlobalSection(SolutionProperties) = preSolution
		HideSolutionNode = FALSE
	EndGlobalSection
EndGlobal
