
Microsoft Visual Studio Solution File, Format Version 12.00
# Visual Studio 15
VisualStudioVersion = 15.0.28010.2046
MinimumVisualStudioVersion = 10.0.40219.1
Project("{FAE04EC0-301F-11D3-BF4B-00C04F79EFBC}") = "NITRPackager.Tests", "NITRPackager.Tests\NITRPackager.Tests.csproj", "{B4D48B30-F6B0-4E74-930C-418E8C85A6D8}"
EndProject
Project("{2150E333-8FDC-42A3-9474-1A3956D46DE8}") = "Sample Solution", "Sample Solution", "{E017D3F9-9C1C-40C3-A699-AAC771AA6216}"
EndProject
Project("{FAE04EC0-301F-11D3-BF4B-00C04F79EFBC}") = "NITRPackager", "NITRPackager\NITRPackager.csproj", "{242274F9-35F2-4F5B-B157-C7798D505B8E}"
EndProject
Global
	GlobalSection(SolutionConfigurationPlatforms) = preSolution
		Debug|Any CPU = Debug|Any CPU
		Release|Any CPU = Release|Any CPU
	EndGlobalSection
	GlobalSection(ProjectConfigurationPlatforms) = postSolution
		{B4D48B30-F6B0-4E74-930C-418E8C85A6D8}.Debug|Any CPU.ActiveCfg = Debug|Any CPU
		{B4D48B30-F6B0-4E74-930C-418E8C85A6D8}.Debug|Any CPU.Build.0 = Debug|Any CPU
		{B4D48B30-F6B0-4E74-930C-418E8C85A6D8}.Release|Any CPU.ActiveCfg = Release|Any CPU
		{B4D48B30-F6B0-4E74-930C-418E8C85A6D8}.Release|Any CPU.Build.0 = Release|Any CPU
		{242274F9-35F2-4F5B-B157-C7798D505B8E}.Debug|Any CPU.ActiveCfg = Debug|Any CPU
		{242274F9-35F2-4F5B-B157-C7798D505B8E}.Debug|Any CPU.Build.0 = Debug|Any CPU
		{242274F9-35F2-4F5B-B157-C7798D505B8E}.Release|Any CPU.ActiveCfg = Release|Any CPU
		{242274F9-35F2-4F5B-B157-C7798D505B8E}.Release|Any CPU.Build.0 = Release|Any CPU
	EndGlobalSection
	GlobalSection(SolutionProperties) = preSolution
		HideSolutionNode = FALSE
	EndGlobalSection
	GlobalSection(ExtensibilityGlobals) = postSolution
		SolutionGuid = {32A1232D-E95C-4DE1-A1FC-2308DF8A22C2}
	EndGlobalSection
EndGlobal
