
Microsoft Visual Studio Solution File, Format Version 12.00
# Visual Studio 15
VisualStudioVersion = 15.0.28307.438
MinimumVisualStudioVersion = 10.0.40219.1
Project("{FAE04EC0-301F-11D3-BF4B-00C04F79EFBC}") = "CreateOrdersDynamoDB", "CreateOrdersDynamoDB\CreateOrdersDynamoDB.csproj", "{C10FB53A-F08D-4E70-9CC2-41AAEA6BBC84}"
EndProject
Project("{FAE04EC0-301F-11D3-BF4B-00C04F79EFBC}") = "CreateOrdersDynamoDB.Tests", "CreateOrdersDynamoDB.Tests\CreateOrdersDynamoDB.Tests.csproj", "{EC8AE57C-8D02-4074-80FC-1CAE339E72C0}"
EndProject
Global
	GlobalSection(SolutionConfigurationPlatforms) = preSolution
		Debug|Any CPU = Debug|Any CPU
		Release|Any CPU = Release|Any CPU
	EndGlobalSection
	GlobalSection(ProjectConfigurationPlatforms) = postSolution
		{C10FB53A-F08D-4E70-9CC2-41AAEA6BBC84}.Debug|Any CPU.ActiveCfg = Debug|Any CPU
		{C10FB53A-F08D-4E70-9CC2-41AAEA6BBC84}.Debug|Any CPU.Build.0 = Debug|Any CPU
		{C10FB53A-F08D-4E70-9CC2-41AAEA6BBC84}.Release|Any CPU.ActiveCfg = Release|Any CPU
		{C10FB53A-F08D-4E70-9CC2-41AAEA6BBC84}.Release|Any CPU.Build.0 = Release|Any CPU
		{EC8AE57C-8D02-4074-80FC-1CAE339E72C0}.Debug|Any CPU.ActiveCfg = Debug|Any CPU
		{EC8AE57C-8D02-4074-80FC-1CAE339E72C0}.Debug|Any CPU.Build.0 = Debug|Any CPU
		{EC8AE57C-8D02-4074-80FC-1CAE339E72C0}.Release|Any CPU.ActiveCfg = Release|Any CPU
		{EC8AE57C-8D02-4074-80FC-1CAE339E72C0}.Release|Any CPU.Build.0 = Release|Any CPU
	EndGlobalSection
	GlobalSection(SolutionProperties) = preSolution
		HideSolutionNode = FALSE
	EndGlobalSection
	GlobalSection(ExtensibilityGlobals) = postSolution
		SolutionGuid = {C2113B5B-8EFE-4A2D-96CB-5297C3ECA655}
	EndGlobalSection
EndGlobal
