
Microsoft Visual Studio Solution File, Format Version 12.00
# Visual Studio 14
VisualStudioVersion = 14.0.25420.1
MinimumVisualStudioVersion = 10.0.40219.1
Project("{FAE04EC0-301F-11D3-BF4B-00C04F79EFBC}") = "GenericDictionaries", "BestPracticesCollectionsAndGenerics\GenericDictionaries.csproj", "{D36A4B32-E8FF-427D-BC69-124382162530}"
EndProject
Project("{FAE04EC0-301F-11D3-BF4B-00C04F79EFBC}") = "GenericCollectionInterfaces", "GenericCollectionInterfaces\GenericCollectionInterfaces.csproj", "{8B271316-26A9-4A8C-BBC0-171FFC88223C}"
EndProject
Project("{FAE04EC0-301F-11D3-BF4B-00C04F79EFBC}") = "PluralsightData", "PluralsightData\PluralsightData.csproj", "{D065CFE9-9018-403A-89A9-67786187AFC3}"
EndProject
Global
	GlobalSection(SolutionConfigurationPlatforms) = preSolution
		Debug|Any CPU = Debug|Any CPU
		Release|Any CPU = Release|Any CPU
	EndGlobalSection
	GlobalSection(ProjectConfigurationPlatforms) = postSolution
		{D36A4B32-E8FF-427D-BC69-124382162530}.Debug|Any CPU.ActiveCfg = Debug|Any CPU
		{D36A4B32-E8FF-427D-BC69-124382162530}.Debug|Any CPU.Build.0 = Debug|Any CPU
		{D36A4B32-E8FF-427D-BC69-124382162530}.Release|Any CPU.ActiveCfg = Release|Any CPU
		{D36A4B32-E8FF-427D-BC69-124382162530}.Release|Any CPU.Build.0 = Release|Any CPU
		{8B271316-26A9-4A8C-BBC0-171FFC88223C}.Debug|Any CPU.ActiveCfg = Debug|Any CPU
		{8B271316-26A9-4A8C-BBC0-171FFC88223C}.Debug|Any CPU.Build.0 = Debug|Any CPU
		{8B271316-26A9-4A8C-BBC0-171FFC88223C}.Release|Any CPU.ActiveCfg = Release|Any CPU
		{8B271316-26A9-4A8C-BBC0-171FFC88223C}.Release|Any CPU.Build.0 = Release|Any CPU
		{D065CFE9-9018-403A-89A9-67786187AFC3}.Debug|Any CPU.ActiveCfg = Debug|Any CPU
		{D065CFE9-9018-403A-89A9-67786187AFC3}.Debug|Any CPU.Build.0 = Debug|Any CPU
		{D065CFE9-9018-403A-89A9-67786187AFC3}.Release|Any CPU.ActiveCfg = Release|Any CPU
		{D065CFE9-9018-403A-89A9-67786187AFC3}.Release|Any CPU.Build.0 = Release|Any CPU
	EndGlobalSection
	GlobalSection(SolutionProperties) = preSolution
		HideSolutionNode = FALSE
	EndGlobalSection
EndGlobal
