
Microsoft Visual Studio Solution File, Format Version 12.00
# Visual Studio 15
VisualStudioVersion = 15.0.28307.271
MinimumVisualStudioVersion = 10.0.40219.1
Project("{8BC9CEB8-8B4A-11D0-8D11-00A0C91BC942}") = "AutoDemo", "AutoDemo\AutoDemo.vcxproj", "{DD0F3DDD-0E28-4297-A18D-2E456DCB39F0}"
EndProject
Global
	GlobalSection(SolutionConfigurationPlatforms) = preSolution
		Debug|x64 = Debug|x64
		Debug|x86 = Debug|x86
		Release|x64 = Release|x64
		Release|x86 = Release|x86
	EndGlobalSection
	GlobalSection(ProjectConfigurationPlatforms) = postSolution
		{DD0F3DDD-0E28-4297-A18D-2E456DCB39F0}.Debug|x64.ActiveCfg = Debug|x64
		{DD0F3DDD-0E28-4297-A18D-2E456DCB39F0}.Debug|x64.Build.0 = Debug|x64
		{DD0F3DDD-0E28-4297-A18D-2E456DCB39F0}.Debug|x86.ActiveCfg = Debug|Win32
		{DD0F3DDD-0E28-4297-A18D-2E456DCB39F0}.Debug|x86.Build.0 = Debug|Win32
		{DD0F3DDD-0E28-4297-A18D-2E456DCB39F0}.Release|x64.ActiveCfg = Release|x64
		{DD0F3DDD-0E28-4297-A18D-2E456DCB39F0}.Release|x64.Build.0 = Release|x64
		{DD0F3DDD-0E28-4297-A18D-2E456DCB39F0}.Release|x86.ActiveCfg = Release|Win32
		{DD0F3DDD-0E28-4297-A18D-2E456DCB39F0}.Release|x86.Build.0 = Release|Win32
	EndGlobalSection
	GlobalSection(SolutionProperties) = preSolution
		HideSolutionNode = FALSE
	EndGlobalSection
	GlobalSection(ExtensibilityGlobals) = postSolution
		SolutionGuid = {B566C402-441F-407C-B179-8B44D2ED4A05}
	EndGlobalSection
EndGlobal
