
Microsoft Visual Studio Solution File, Format Version 12.00
# Visual Studio Version 16
VisualStudioVersion = 16.0.28803.202
MinimumVisualStudioVersion = 10.0.40219.1
Project("{FAE04EC0-301F-11D3-BF4B-00C04F79EFBC}") = "MoqDemo_001", "MoqDemo_001.csproj", "{672BB6E8-ADF8-4DFC-A91C-2F3E8F818F0F}"
EndProject
Global
	GlobalSection(SolutionConfigurationPlatforms) = preSolution
		Debug|Any CPU = Debug|Any CPU
		Release|Any CPU = Release|Any CPU
	EndGlobalSection
	GlobalSection(ProjectConfigurationPlatforms) = postSolution
		{672BB6E8-ADF8-4DFC-A91C-2F3E8F818F0F}.Debug|Any CPU.ActiveCfg = Debug|Any CPU
		{672BB6E8-ADF8-4DFC-A91C-2F3E8F818F0F}.Debug|Any CPU.Build.0 = Debug|Any CPU
		{672BB6E8-ADF8-4DFC-A91C-2F3E8F818F0F}.Release|Any CPU.ActiveCfg = Release|Any CPU
		{672BB6E8-ADF8-4DFC-A91C-2F3E8F818F0F}.Release|Any CPU.Build.0 = Release|Any CPU
	EndGlobalSection
	GlobalSection(SolutionProperties) = preSolution
		HideSolutionNode = FALSE
	EndGlobalSection
	GlobalSection(ExtensibilityGlobals) = postSolution
		SolutionGuid = {78CC543E-88AF-411C-A3C1-9EFACE345ECB}
	EndGlobalSection
EndGlobal
