
Microsoft Visual Studio Solution File, Format Version 12.00
# Visual Studio Version 16
VisualStudioVersion = 16.0.29609.76
MinimumVisualStudioVersion = 15.0.26124.0
Project("{2150E333-8FDC-42A3-9474-1A3956D46DE8}") = "client", "client", "{4A7724C6-90FB-4DEE-BB3F-DC94E95E9073}"
EndProject
Project("{2150E333-8FDC-42A3-9474-1A3956D46DE8}") = "src", "src", "{EE272E4F-B0B0-40B2-8F11-C0E9AA9C1221}"
EndProject
Project("{9A19103F-16F7-4668-BE54-9A1E7A4F7556}") = "ConstructixFirstClientConsole", "client\src\ConstructixFirstClientConsole\ConstructixFirstClientConsole.csproj", "{2E693DFC-32C4-4277-9629-23EAF8F2F10F}"
EndProject
Project("{FAE04EC0-301F-11D3-BF4B-00C04F79EFBC}") = "Models", "Models\Models.csproj", "{9464FC76-9DA4-430D-A644-F3FEBA805B78}"
EndProject
Global
	GlobalSection(SolutionConfigurationPlatforms) = preSolution
		Debug|Any CPU = Debug|Any CPU
		Debug|x64 = Debug|x64
		Debug|x86 = Debug|x86
		Release|Any CPU = Release|Any CPU
		Release|x64 = Release|x64
		Release|x86 = Release|x86
	EndGlobalSection
	GlobalSection(ProjectConfigurationPlatforms) = postSolution
		{2E693DFC-32C4-4277-9629-23EAF8F2F10F}.Debug|Any CPU.ActiveCfg = Debug|Any CPU
		{2E693DFC-32C4-4277-9629-23EAF8F2F10F}.Debug|Any CPU.Build.0 = Debug|Any CPU
		{2E693DFC-32C4-4277-9629-23EAF8F2F10F}.Debug|x64.ActiveCfg = Debug|Any CPU
		{2E693DFC-32C4-4277-9629-23EAF8F2F10F}.Debug|x64.Build.0 = Debug|Any CPU
		{2E693DFC-32C4-4277-9629-23EAF8F2F10F}.Debug|x86.ActiveCfg = Debug|Any CPU
		{2E693DFC-32C4-4277-9629-23EAF8F2F10F}.Debug|x86.Build.0 = Debug|Any CPU
		{2E693DFC-32C4-4277-9629-23EAF8F2F10F}.Release|Any CPU.ActiveCfg = Release|Any CPU
		{2E693DFC-32C4-4277-9629-23EAF8F2F10F}.Release|Any CPU.Build.0 = Release|Any CPU
		{2E693DFC-32C4-4277-9629-23EAF8F2F10F}.Release|x64.ActiveCfg = Release|Any CPU
		{2E693DFC-32C4-4277-9629-23EAF8F2F10F}.Release|x64.Build.0 = Release|Any CPU
		{2E693DFC-32C4-4277-9629-23EAF8F2F10F}.Release|x86.ActiveCfg = Release|Any CPU
		{2E693DFC-32C4-4277-9629-23EAF8F2F10F}.Release|x86.Build.0 = Release|Any CPU
		{9464FC76-9DA4-430D-A644-F3FEBA805B78}.Debug|Any CPU.ActiveCfg = Debug|Any CPU
		{9464FC76-9DA4-430D-A644-F3FEBA805B78}.Debug|Any CPU.Build.0 = Debug|Any CPU
		{9464FC76-9DA4-430D-A644-F3FEBA805B78}.Debug|x64.ActiveCfg = Debug|Any CPU
		{9464FC76-9DA4-430D-A644-F3FEBA805B78}.Debug|x64.Build.0 = Debug|Any CPU
		{9464FC76-9DA4-430D-A644-F3FEBA805B78}.Debug|x86.ActiveCfg = Debug|Any CPU
		{9464FC76-9DA4-430D-A644-F3FEBA805B78}.Debug|x86.Build.0 = Debug|Any CPU
		{9464FC76-9DA4-430D-A644-F3FEBA805B78}.Release|Any CPU.ActiveCfg = Release|Any CPU
		{9464FC76-9DA4-430D-A644-F3FEBA805B78}.Release|Any CPU.Build.0 = Release|Any CPU
		{9464FC76-9DA4-430D-A644-F3FEBA805B78}.Release|x64.ActiveCfg = Release|Any CPU
		{9464FC76-9DA4-430D-A644-F3FEBA805B78}.Release|x64.Build.0 = Release|Any CPU
		{9464FC76-9DA4-430D-A644-F3FEBA805B78}.Release|x86.ActiveCfg = Release|Any CPU
		{9464FC76-9DA4-430D-A644-F3FEBA805B78}.Release|x86.Build.0 = Release|Any CPU
	EndGlobalSection
	GlobalSection(SolutionProperties) = preSolution
		HideSolutionNode = FALSE
	EndGlobalSection
	GlobalSection(NestedProjects) = preSolution
		{EE272E4F-B0B0-40B2-8F11-C0E9AA9C1221} = {4A7724C6-90FB-4DEE-BB3F-DC94E95E9073}
		{2E693DFC-32C4-4277-9629-23EAF8F2F10F} = {EE272E4F-B0B0-40B2-8F11-C0E9AA9C1221}
		{9464FC76-9DA4-430D-A644-F3FEBA805B78} = {EE272E4F-B0B0-40B2-8F11-C0E9AA9C1221}
	EndGlobalSection
	GlobalSection(ExtensibilityGlobals) = postSolution
		SolutionGuid = {D5D3B7EF-D8E3-4367-A74D-8A06D7DC0C1A}
	EndGlobalSection
EndGlobal
