
Microsoft Visual Studio Solution File, Format Version 12.00
# Visual Studio 15
VisualStudioVersion = 15.0.27130.2010
MinimumVisualStudioVersion = 10.0.40219.1
Project("{FAE04EC0-301F-11D3-BF4B-00C04F79EFBC}") = "KnockKnock", "WebApplication1\KnockKnock.csproj", "{BADBCCCC-AC1D-423C-84E4-DA2901DF26E2}"
EndProject
Project("{FAE04EC0-301F-11D3-BF4B-00C04F79EFBC}") = "Services", "KnockKnockService\Services.csproj", "{A5FC179F-CC7B-4320-A27D-E1457DF5C022}"
EndProject
Global
	GlobalSection(SolutionConfigurationPlatforms) = preSolution
		Debug|Any CPU = Debug|Any CPU
		Release|Any CPU = Release|Any CPU
	EndGlobalSection
	GlobalSection(ProjectConfigurationPlatforms) = postSolution
		{BADBCCCC-AC1D-423C-84E4-DA2901DF26E2}.Debug|Any CPU.ActiveCfg = Debug|Any CPU
		{BADBCCCC-AC1D-423C-84E4-DA2901DF26E2}.Debug|Any CPU.Build.0 = Debug|Any CPU
		{BADBCCCC-AC1D-423C-84E4-DA2901DF26E2}.Release|Any CPU.ActiveCfg = Release|Any CPU
		{BADBCCCC-AC1D-423C-84E4-DA2901DF26E2}.Release|Any CPU.Build.0 = Release|Any CPU
		{A5FC179F-CC7B-4320-A27D-E1457DF5C022}.Debug|Any CPU.ActiveCfg = Debug|Any CPU
		{A5FC179F-CC7B-4320-A27D-E1457DF5C022}.Debug|Any CPU.Build.0 = Debug|Any CPU
		{A5FC179F-CC7B-4320-A27D-E1457DF5C022}.Release|Any CPU.ActiveCfg = Release|Any CPU
		{A5FC179F-CC7B-4320-A27D-E1457DF5C022}.Release|Any CPU.Build.0 = Release|Any CPU
	EndGlobalSection
	GlobalSection(SolutionProperties) = preSolution
		HideSolutionNode = FALSE
	EndGlobalSection
	GlobalSection(ExtensibilityGlobals) = postSolution
		SolutionGuid = {3EB51617-2B22-4C7C-94EC-3653151D1395}
	EndGlobalSection
EndGlobal
