
Microsoft Visual Studio Solution File, Format Version 12.00
# Visual Studio 15
VisualStudioVersion = 15.0.26730.12
MinimumVisualStudioVersion = 10.0.40219.1
Project("{FAE04EC0-301F-11D3-BF4B-00C04F79EFBC}") = "UsersExtractions", "UsersExtractions.csproj", "{EE671B60-2CEE-4B47-9080-DE35ECE70C52}"
EndProject
Global
	GlobalSection(SolutionConfigurationPlatforms) = preSolution
		Debug|Any CPU = Debug|Any CPU
		Release|Any CPU = Release|Any CPU
	EndGlobalSection
	GlobalSection(ProjectConfigurationPlatforms) = postSolution
		{EE671B60-2CEE-4B47-9080-DE35ECE70C52}.Debug|Any CPU.ActiveCfg = Debug|Any CPU
		{EE671B60-2CEE-4B47-9080-DE35ECE70C52}.Debug|Any CPU.Build.0 = Debug|Any CPU
		{EE671B60-2CEE-4B47-9080-DE35ECE70C52}.Release|Any CPU.ActiveCfg = Release|Any CPU
		{EE671B60-2CEE-4B47-9080-DE35ECE70C52}.Release|Any CPU.Build.0 = Release|Any CPU
	EndGlobalSection
	GlobalSection(SolutionProperties) = preSolution
		HideSolutionNode = FALSE
	EndGlobalSection
	GlobalSection(ExtensibilityGlobals) = postSolution
		SolutionGuid = {7B515CF1-9CA5-47F8-A177-FFF25573DB32}
	EndGlobalSection
EndGlobal
