
Microsoft Visual Studio Solution File, Format Version 12.00
# Visual Studio 15
VisualStudioVersion = 15.0.28307.421
MinimumVisualStudioVersion = 10.0.40219.1
Project("{FAE04EC0-301F-11D3-BF4B-00C04F79EFBC}") = "FirstDemo", "FirstDemo\FirstDemo.csproj", "{AA8EB507-1714-4639-ADA0-00166DF234BC}"
EndProject
Global
	GlobalSection(SolutionConfigurationPlatforms) = preSolution
		Debug|Any CPU = Debug|Any CPU
		Release|Any CPU = Release|Any CPU
	EndGlobalSection
	GlobalSection(ProjectConfigurationPlatforms) = postSolution
		{AA8EB507-1714-4639-ADA0-00166DF234BC}.Debug|Any CPU.ActiveCfg = Debug|Any CPU
		{AA8EB507-1714-4639-ADA0-00166DF234BC}.Debug|Any CPU.Build.0 = Debug|Any CPU
		{AA8EB507-1714-4639-ADA0-00166DF234BC}.Release|Any CPU.ActiveCfg = Release|Any CPU
		{AA8EB507-1714-4639-ADA0-00166DF234BC}.Release|Any CPU.Build.0 = Release|Any CPU
	EndGlobalSection
	GlobalSection(SolutionProperties) = preSolution
		HideSolutionNode = FALSE
	EndGlobalSection
	GlobalSection(ExtensibilityGlobals) = postSolution
		SolutionGuid = {1049EA16-101D-41E6-8160-CC3263878C4E}
	EndGlobalSection
EndGlobal
